
Microsoft Visual Studio Solution File, Format Version 12.00
# Visual Studio Version 17
VisualStudioVersion = 17.4.32916.344
MinimumVisualStudioVersion = 10.0.40219.1
Project("{FAE04EC0-301F-11D3-BF4B-00C04F79EFBC}") = "BlazorDemoPart2.Server", "Server\BlazorDemoPart2.Server.csproj", "{B79D062B-3429-4660-9E17-D324371B04E4}"
EndProject
Project("{FAE04EC0-301F-11D3-BF4B-00C04F79EFBC}") = "BlazorDemoPart2.Client", "Client\BlazorDemoPart2.Client.csproj", "{2C18AB68-5410-490B-8750-203848082C77}"
EndProject
Project("{9A19103F-16F7-4668-BE54-9A1E7A4F7556}") = "LabEntity.Shared", "LabEntity.Shared\LabEntity.Shared.csproj", "{00F6D5D8-41B6-4681-BB8D-04C188AEEF33}"
EndProject
Global
	GlobalSection(SolutionConfigurationPlatforms) = preSolution
		Debug|Any CPU = Debug|Any CPU
		Release|Any CPU = Release|Any CPU
	EndGlobalSection
	GlobalSection(ProjectConfigurationPlatforms) = postSolution
		{B79D062B-3429-4660-9E17-D324371B04E4}.Debug|Any CPU.ActiveCfg = Debug|Any CPU
		{B79D062B-3429-4660-9E17-D324371B04E4}.Debug|Any CPU.Build.0 = Debug|Any CPU
		{B79D062B-3429-4660-9E17-D324371B04E4}.Release|Any CPU.ActiveCfg = Release|Any CPU
		{B79D062B-3429-4660-9E17-D324371B04E4}.Release|Any CPU.Build.0 = Release|Any CPU
		{2C18AB68-5410-490B-8750-203848082C77}.Debug|Any CPU.ActiveCfg = Debug|Any CPU
		{2C18AB68-5410-490B-8750-203848082C77}.Debug|Any CPU.Build.0 = Debug|Any CPU
		{2C18AB68-5410-490B-8750-203848082C77}.Release|Any CPU.ActiveCfg = Release|Any CPU
		{2C18AB68-5410-490B-8750-203848082C77}.Release|Any CPU.Build.0 = Release|Any CPU
		{00F6D5D8-41B6-4681-BB8D-04C188AEEF33}.Debug|Any CPU.ActiveCfg = Debug|Any CPU
		{00F6D5D8-41B6-4681-BB8D-04C188AEEF33}.Debug|Any CPU.Build.0 = Debug|Any CPU
		{00F6D5D8-41B6-4681-BB8D-04C188AEEF33}.Release|Any CPU.ActiveCfg = Release|Any CPU
		{00F6D5D8-41B6-4681-BB8D-04C188AEEF33}.Release|Any CPU.Build.0 = Release|Any CPU
	EndGlobalSection
	GlobalSection(SolutionProperties) = preSolution
		HideSolutionNode = FALSE
	EndGlobalSection
	GlobalSection(ExtensibilityGlobals) = postSolution
		SolutionGuid = {2D35AA80-7E98-4693-A9F1-620C543D832C}
	EndGlobalSection
EndGlobal
